{
  "name": "intania-expo-2025-tools",
  "version": "1.0.0",
  "lockfileVersion": 3,
  "requires": true,
  "packages": {
    "": {
      "name": "intania-expo-2025-tools",
      "version": "1.0.0",
      "dependencies": {
        "os-utils": "^0.0.14"
      },
      "devDependencies": {
        "@types/os-utils": "^0.0.4"
      }
    },
    "node_modules/@types/os-utils": {
      "version": "0.0.4",
      "resolved": "https://registry.npmjs.org/@types/os-utils/-/os-utils-0.0.4.tgz",
      "integrity": "sha512-TdQ/6GHzq8YMsDOXHfit8sDD1VjLnqC61sI7ICocwREw/68V5C/bjex+/Jya3XRD3FgGyj6fhTqhbVrXeh8UJg==",
      "dev": true,
      "license": "MIT"
    },
    "node_modules/os-utils": {
      "version": "0.0.14",
      "resolved": "https://registry.npmjs.org/os-utils/-/os-utils-0.0.14.tgz",
      "integrity": "sha512-ajB8csaHLBvJOYsHJkp8YdO2FvlBbf/ZxaYQwXXRDyQ84UoE+uTuLXxqd0shekXMX6Qr/pt/DDyLMRAMsgfWzg==",
      "license": "MIT",
      "engines": {
        "node": "*"
      }
    }
  }
}
